// !$*UTF8*$!
{
	archiveVersion = 1;
	classes = {
	};
	objectVersion = 46;
	objects = {

/* Begin PBXBuildFile section */
		656B79451509BF63008C3F77 /* UIKit.framework in Frameworks */ = {isa = PBXBuildFile; fileRef = 656B79441509BF63008C3F77 /* UIKit.framework */; };
		656B79471509BF63008C3F77 /* Foundation.framework in Frameworks */ = {isa = PBXBuildFile; fileRef = 656B79461509BF63008C3F77 /* Foundation.framework */; };
		656B79491509BF63008C3F77 /* CoreGraphics.framework in Frameworks */ = {isa = PBXBuildFile; fileRef = 656B79481509BF63008C3F77 /* CoreGraphics.framework */; };
		656B794F1509BF63008C3F77 /* InfoPlist.strings in Resources */ = {isa = PBXBuildFile; fileRef = 656B794D1509BF63008C3F77 /* InfoPlist.strings */; };
		656B79511509BF63008C3F77 /* main.m in Sources */ = {isa = PBXBuildFile; fileRef = 656B79501509BF63008C3F77 /* main.m */; };
		656B79551509BF63008C3F77 /* AppDelegate.m in Sources */ = {isa = PBXBuildFile; fileRef = 656B79541509BF63008C3F77 /* AppDelegate.m */; };
		656B79581509BF63008C3F77 /* MainStoryboard.storyboard in Resources */ = {isa = PBXBuildFile; fileRef = 656B79561509BF63008C3F77 /* MainStoryboard.storyboard */; };
		656B795B1509BF63008C3F77 /* ViewController.m in Sources */ = {isa = PBXBuildFile; fileRef = 656B795A1509BF63008C3F77 /* ViewController.m */; };
		656B79631509BF63008C3F77 /* SenTestingKit.framework in Frameworks */ = {isa = PBXBuildFile; fileRef = 656B79621509BF63008C3F77 /* SenTestingKit.framework */; };
		656B79641509BF63008C3F77 /* UIKit.framework in Frameworks */ = {isa = PBXBuildFile; fileRef = 656B79441509BF63008C3F77 /* UIKit.framework */; };
		656B79651509BF63008C3F77 /* Foundation.framework in Frameworks */ = {isa = PBXBuildFile; fileRef = 656B79461509BF63008C3F77 /* Foundation.framework */; };
		656B796D1509BF63008C3F77 /* InfoPlist.strings in Resources */ = {isa = PBXBuildFile; fileRef = 656B796B1509BF63008C3F77 /* InfoPlist.strings */; };
		656B79701509BF63008C3F77 /* WebViewTestTests.m in Sources */ = {isa = PBXBuildFile; fileRef = 656B796F1509BF63008C3F77 /* WebViewTestTests.m */; };
/* End PBXBuildFile section */

/* Begin PBXContainerItemProxy section */
		656B79661509BF63008C3F77 /* PBXContainerItemProxy */ = {
			isa = PBXContainerItemProxy;
			containerPortal = 656B79371509BF62008C3F77 /* Project object */;
			proxyType = 1;
			remoteGlobalIDString = 656B793F1509BF62008C3F77;
			remoteInfo = WebViewTest;
		};
/* End PBXContainerItemProxy section */

/* Begin PBXFileReference section */
		656B79401509BF62008C3F77 /* WebViewTest.app */ = {isa = PBXFileReference; explicitFileType = wrapper.application; includeInIndex = 0; path = WebViewTest.app; sourceTree = BUILT_PRODUCTS_DIR; };
		656B79441509BF63008C3F77 /* UIKit.framework */ = {isa = PBXFileReference; lastKnownFileType = wrapper.framework; name = UIKit.framework; path = System/Library/Frameworks/UIKit.framework; sourceTree = SDKROOT; };
		656B79461509BF63008C3F77 /* Foundation.framework */ = {isa = PBXFileReference; lastKnownFileType = wrapper.framework; name = Foundation.framework; path = System/Library/Frameworks/Foundation.framework; sourceTree = SDKROOT; };
		656B79481509BF63008C3F77 /* CoreGraphics.framework */ = {isa = PBXFileReference; lastKnownFileType = wrapper.framework; name = CoreGraphics.framework; path = System/Library/Frameworks/CoreGraphics.framework; sourceTree = SDKROOT; };
		656B794C1509BF63008C3F77 /* WebViewTest-Info.plist */ = {isa = PBXFileReference; path = "WebViewTest-Info.plist"; sourceTree = "<group>"; };
		656B794E1509BF63008C3F77 /* en */ = {isa = PBXFileReference; lastKnownFileType = text.plist.strings; name = en; path = en.lproj/InfoPlist.strings; sourceTree = "<group>"; };
		656B79501509BF63008C3F77 /* main.m */ = {isa = PBXFileReference; lastKnownFileType = sourcecode.c.objc; path = main.m; sourceTree = "<group>"; };
		656B79521509BF63008C3F77 /* WebViewTest-Prefix.pch */ = {isa = PBXFileReference; path = "WebViewTest-Prefix.pch"; sourceTree = "<group>"; };
		656B79531509BF63008C3F77 /* AppDelegate.h */ = {isa = PBXFileReference; path = AppDelegate.h; sourceTree = "<group>"; };
		656B79541509BF63008C3F77 /* AppDelegate.m */ = {isa = PBXFileReference; lastKnownFileType = sourcecode.c.objc; path = AppDelegate.m; sourceTree = "<group>"; };
		656B79571509BF63008C3F77 /* en */ = {isa = PBXFileReference; lastKnownFileType = file.storyboard; name = en; path = en.lproj/MainStoryboard.storyboard; sourceTree = "<group>"; };
		656B79591509BF63008C3F77 /* ViewController.h */ = {isa = PBXFileReference; path = ViewController.h; sourceTree = "<group>"; };
		656B795A1509BF63008C3F77 /* ViewController.m */ = {isa = PBXFileReference; lastKnownFileType = sourcecode.c.objc; path = ViewController.m; sourceTree = "<group>"; };
		656B79611509BF63008C3F77 /* WebViewTestTests.octest */ = {isa = PBXFileReference; explicitFileType = wrapper.cfbundle; includeInIndex = 0; path = WebViewTestTests.octest; sourceTree = BUILT_PRODUCTS_DIR; };
		656B79621509BF63008C3F77 /* SenTestingKit.framework */ = {isa = PBXFileReference; lastKnownFileType = wrapper.framework; name = SenTestingKit.framework; path = Library/Frameworks/SenTestingKit.framework; sourceTree = DEVELOPER_DIR; };
		656B796A1509BF63008C3F77 /* WebViewTestTests-Info.plist */ = {isa = PBXFileReference; path = "WebViewTestTests-Info.plist"; sourceTree = "<group>"; };
		656B796C1509BF63008C3F77 /* en */ = {isa = PBXFileReference; lastKnownFileType = text.plist.strings; name = en; path = en.lproj/InfoPlist.strings; sourceTree = "<group>"; };
		656B796E1509BF63008C3F77 /* WebViewTestTests.h */ = {isa = PBXFileReference; path = WebViewTestTests.h; sourceTree = "<group>"; };
		656B796F1509BF63008C3F77 /* WebViewTestTests.m */ = {isa = PBXFileReference; lastKnownFileType = sourcecode.c.objc; path = WebViewTestTests.m; sourceTree = "<group>"; };
/* End PBXFileReference section */

/* Begin PBXFrameworksBuildPhase section */
		656B793D1509BF62008C3F77 /* Frameworks */ = {
			isa = PBXFrameworksBuildPhase;
			buildActionMask = 2147483647;
			files = (
				656B79451509BF63008C3F77 /* UIKit.framework in Frameworks */,
				656B79471509BF63008C3F77 /* Foundation.framework in Frameworks */,
				656B79491509BF63008C3F77 /* CoreGraphics.framework in Frameworks */,
			);
			runOnlyForDeploymentPostprocessing = 0;
		};
		656B795D1509BF63008C3F77 /* Frameworks */ = {
			isa = PBXFrameworksBuildPhase;
			buildActionMask = 2147483647;
			files = (
				656B79631509BF63008C3F77 /* SenTestingKit.framework in Frameworks */,
				656B79641509BF63008C3F77 /* UIKit.framework in Frameworks */,
				656B79651509BF63008C3F77 /* Foundation.framework in Frameworks */,
			);
			runOnlyForDeploymentPostprocessing = 0;
		};
/* End PBXFrameworksBuildPhase section */

/* Begin PBXGroup section */
		656B79351509BF62008C3F77 = {
			isa = PBXGroup;
			children = (
				656B794A1509BF63008C3F77 /* WebViewTest */,
				656B79681509BF63008C3F77 /* WebViewTestTests */,
				656B79431509BF62008C3F77 /* Frameworks */,
				656B79411509BF62008C3F77 /* Products */,
			);
			sourceTree = "<group>";
		};
		656B79411509BF62008C3F77 /* Products */ = {
			isa = PBXGroup;
			children = (
				656B79401509BF62008C3F77 /* WebViewTest.app */,
				656B79611509BF63008C3F77 /* WebViewTestTests.octest */,
			);
			name = Products;
			sourceTree = "<group>";
		};
		656B79431509BF62008C3F77 /* Frameworks */ = {
			isa = PBXGroup;
			children = (
				656B79441509BF63008C3F77 /* UIKit.framework */,
				656B79461509BF63008C3F77 /* Foundation.framework */,
				656B79481509BF63008C3F77 /* CoreGraphics.framework */,
				656B79621509BF63008C3F77 /* SenTestingKit.framework */,
			);
			name = Frameworks;
			sourceTree = "<group>";
		};
		656B794A1509BF63008C3F77 /* WebViewTest */ = {
			isa = PBXGroup;
			children = (
				656B79531509BF63008C3F77 /* AppDelegate.h */,
				656B79541509BF63008C3F77 /* AppDelegate.m */,
				656B79561509BF63008C3F77 /* MainStoryboard.storyboard */,
				656B79591509BF63008C3F77 /* ViewController.h */,
				656B795A1509BF63008C3F77 /* ViewController.m */,
				656B794B1509BF63008C3F77 /* Supporting Files */,
			);
			path = WebViewTest;
			sourceTree = "<group>";
		};
		656B794B1509BF63008C3F77 /* Supporting Files */ = {
			isa = PBXGroup;
			children = (
				656B794C1509BF63008C3F77 /* WebViewTest-Info.plist */,
				656B794D1509BF63008C3F77 /* InfoPlist.strings */,
				656B79501509BF63008C3F77 /* main.m */,
				656B79521509BF63008C3F77 /* WebViewTest-Prefix.pch */,
			);
			name = "Supporting Files";
			sourceTree = "<group>";
		};
		656B79681509BF63008C3F77 /* WebViewTestTests */ = {
			isa = PBXGroup;
			children = (
				656B796E1509BF63008C3F77 /* WebViewTestTests.h */,
				656B796F1509BF63008C3F77 /* WebViewTestTests.m */,
				656B79691509BF63008C3F77 /* Supporting Files */,
			);
			path = WebViewTestTests;
			sourceTree = "<group>";
		};
		656B79691509BF63008C3F77 /* Supporting Files */ = {
			isa = PBXGroup;
			children = (
				656B796A1509BF63008C3F77 /* WebViewTestTests-Info.plist */,
				656B796B1509BF63008C3F77 /* InfoPlist.strings */,
			);
			name = "Supporting Files";
			sourceTree = "<group>";
		};
/* End PBXGroup section */

/* Begin PBXNativeTarget section */
		656B793F1509BF62008C3F77 /* WebViewTest */ = {
			isa = PBXNativeTarget;
			buildConfigurationList = 656B79731509BF63008C3F77 /* Build configuration list for PBXNativeTarget "WebViewTest" */;
			buildPhases = (
				656B793C1509BF62008C3F77 /* Sources */,
				656B793D1509BF62008C3F77 /* Frameworks */,
				656B793E1509BF62008C3F77 /* Resources */,
			);
			buildRules = (
			);
			dependencies = (
			);
			name = WebViewTest;
			productName = WebViewTest;
			productReference = 656B79401509BF62008C3F77 /* WebViewTest.app */;
			productType = "com.apple.product-type.application";
		};
		656B79601509BF63008C3F77 /* WebViewTestTests */ = {
			isa = PBXNativeTarget;
			buildConfigurationList = 656B79761509BF63008C3F77 /* Build configuration list for PBXNativeTarget "WebViewTestTests" */;
			buildPhases = (
				656B795C1509BF63008C3F77 /* Sources */,
				656B795D1509BF63008C3F77 /* Frameworks */,
				656B795E1509BF63008C3F77 /* Resources */,
				656B795F1509BF63008C3F77 /* ShellScript */,
			);
			buildRules = (
			);
			dependencies = (
				656B79671509BF63008C3F77 /* PBXTargetDependency */,
			);
			name = WebViewTestTests;
			productName = WebViewTestTests;
			productReference = 656B79611509BF63008C3F77 /* WebViewTestTests.octest */;
			productType = "com.apple.product-type.bundle";
		};
/* End PBXNativeTarget section */

/* Begin PBXProject section */
		656B79371509BF62008C3F77 /* Project object */ = {
			isa = PBXProject;
			attributes = {
				LastUpgradeCheck = 0420;
			};
			buildConfigurationList = 656B793A1509BF62008C3F77 /* Build configuration list for PBXProject "WebViewTest" */;
			compatibilityVersion = "Xcode 3.2";
			developmentRegion = English;
			hasScannedForEncodings = 0;
			knownRegions = (
				en,
			);
			mainGroup = 656B79351509BF62008C3F77;
			productRefGroup = 656B79411509BF62008C3F77 /* Products */;
			projectDirPath = "";
			projectRoot = "";
			targets = (
				656B793F1509BF62008C3F77 /* WebViewTest */,
				656B79601509BF63008C3F77 /* WebViewTestTests */,
			);
		};
/* End PBXProject section */

/* Begin PBXResourcesBuildPhase section */
		656B793E1509BF62008C3F77 /* Resources */ = {
			isa = PBXResourcesBuildPhase;
			buildActionMask = 2147483647;
			files = (
				656B794F1509BF63008C3F77 /* InfoPlist.strings in Resources */,
				656B79581509BF63008C3F77 /* MainStoryboard.storyboard in Resources */,
			);
			runOnlyForDeploymentPostprocessing = 0;
		};
		656B795E1509BF63008C3F77 /* Resources */ = {
			isa = PBXResourcesBuildPhase;
			buildActionMask = 2147483647;
			files = (
				656B796D1509BF63008C3F77 /* InfoPlist.strings in Resources */,
			);
			runOnlyForDeploymentPostprocessing = 0;
		};
/* End PBXResourcesBuildPhase section */

/* Begin PBXShellScriptBuildPhase section */
		656B795F1509BF63008C3F77 /* ShellScript */ = {
			isa = PBXShellScriptBuildPhase;
			buildActionMask = 2147483647;
			files = (
			);
			inputPaths = (
			);
			outputPaths = (
			);
			runOnlyForDeploymentPostprocessing = 0;
			shellPath = /bin/sh;
			shellScript = "# Run the unit tests in this test bundle.\n\"${SYSTEM_DEVELOPER_DIR}/Tools/RunUnitTests\"\n";
		};
/* End PBXShellScriptBuildPhase section */

/* Begin PBXSourcesBuildPhase section */
		656B793C1509BF62008C3F77 /* Sources */ = {
			isa = PBXSourcesBuildPhase;
			buildActionMask = 2147483647;
			files = (
				656B79511509BF63008C3F77 /* main.m in Sources */,
				656B79551509BF63008C3F77 /* AppDelegate.m in Sources */,
				656B795B1509BF63008C3F77 /* ViewController.m in Sources */,
			);
			runOnlyForDeploymentPostprocessing = 0;
		};
		656B795C1509BF63008C3F77 /* Sources */ = {
			isa = PBXSourcesBuildPhase;
			buildActionMask = 2147483647;
			files = (
				656B79701509BF63008C3F77 /* WebViewTestTests.m in Sources */,
			);
			runOnlyForDeploymentPostprocessing = 0;
		};
/* End PBXSourcesBuildPhase section */

/* Begin PBXTargetDependency section */
		656B79671509BF63008C3F77 /* PBXTargetDependency */ = {
			isa = PBXTargetDependency;
			target = 656B793F1509BF62008C3F77 /* WebViewTest */;
			targetProxy = 656B79661509BF63008C3F77 /* PBXContainerItemProxy */;
		};
/* End PBXTargetDependency section */

/* Begin PBXVariantGroup section */
		656B794D1509BF63008C3F77 /* InfoPlist.strings */ = {
			isa = PBXVariantGroup;
			children = (
				656B794E1509BF63008C3F77 /* en */,
			);
			name = InfoPlist.strings;
			sourceTree = "<group>";
		};
		656B79561509BF63008C3F77 /* MainStoryboard.storyboard */ = {
			isa = PBXVariantGroup;
			children = (
				656B79571509BF63008C3F77 /* en */,
			);
			name = MainStoryboard.storyboard;
			sourceTree = "<group>";
		};
		656B796B1509BF63008C3F77 /* InfoPlist.strings */ = {
			isa = PBXVariantGroup;
			children = (
				656B796C1509BF63008C3F77 /* en */,
			);
			name = InfoPlist.strings;
			sourceTree = "<group>";
		};
/* End PBXVariantGroup section */

/* Begin XCBuildConfiguration section */
		656B79711509BF63008C3F77 /* Debug */ = {
			isa = XCBuildConfiguration;
			buildSettings = {
				ALWAYS_SEARCH_USER_PATHS = NO;
				ARCHS = "$(ARCHS_STANDARD_32_BIT)";
				CLANG_ENABLE_OBJC_ARC = YES;
				"CODE_SIGN_IDENTITY[sdk=iphoneos*]" = "iPhone Developer";
				COPY_PHASE_STRIP = NO;
				GCC_C_LANGUAGE_STANDARD = gnu99;
				GCC_DYNAMIC_NO_PIC = NO;
				GCC_OPTIMIZATION_LEVEL = 0;
				GCC_PREPROCESSOR_DEFINITIONS = (
					"DEBUG=1",
					"$(inherited)",
				);
				GCC_SYMBOLS_PRIVATE_EXTERN = NO;
				GCC_VERSION = com.apple.compilers.llvm.clang.1_0;
				GCC_WARN_ABOUT_MISSING_PROTOTYPES = YES;
				GCC_WARN_ABOUT_RETURN_TYPE = YES;
				GCC_WARN_UNUSED_VARIABLE = YES;
				IPHONEOS_DEPLOYMENT_TARGET = 5.0;
				SDKROOT = iphoneos;
			};
			name = Debug;
		};
		656B79721509BF63008C3F77 /* Release */ = {
			isa = XCBuildConfiguration;
			buildSettings = {
				ALWAYS_SEARCH_USER_PATHS = NO;
				ARCHS = "$(ARCHS_STANDARD_32_BIT)";
				CLANG_ENABLE_OBJC_ARC = YES;
				"CODE_SIGN_IDENTITY[sdk=iphoneos*]" = "iPhone Developer";
				COPY_PHASE_STRIP = YES;
				GCC_C_LANGUAGE_STANDARD = gnu99;
				GCC_VERSION = com.apple.compilers.llvm.clang.1_0;
				GCC_WARN_ABOUT_MISSING_PROTOTYPES = YES;
				GCC_WARN_ABOUT_RETURN_TYPE = YES;
				GCC_WARN_UNUSED_VARIABLE = YES;
				IPHONEOS_DEPLOYMENT_TARGET = 5.0;
				OTHER_CFLAGS = "-DNS_BLOCK_ASSERTIONS=1";
				SDKROOT = iphoneos;
				VALIDATE_PRODUCT = YES;
			};
			name = Release;
		};
		656B79741509BF63008C3F77 /* Debug */ = {
			isa = XCBuildConfiguration;
			buildSettings = {
				GCC_PRECOMPILE_PREFIX_HEADER = YES;
				GCC_PREFIX_HEADER = "WebViewTest/WebViewTest-Prefix.pch";
				INFOPLIST_FILE = "WebViewTest/WebViewTest-Info.plist";
				PRODUCT_NAME = "$(TARGET_NAME)";
				WRAPPER_EXTENSION = app;
			};
			name = Debug;
		};
		656B79751509BF63008C3F77 /* Release */ = {
			isa = XCBuildConfiguration;
			buildSettings = {
				GCC_PRECOMPILE_PREFIX_HEADER = YES;
				GCC_PREFIX_HEADER = "WebViewTest/WebViewTest-Prefix.pch";
				INFOPLIST_FILE = "WebViewTest/WebViewTest-Info.plist";
				PRODUCT_NAME = "$(TARGET_NAME)";
				WRAPPER_EXTENSION = app;
			};
			name = Release;
		};
		656B79771509BF63008C3F77 /* Debug */ = {
			isa = XCBuildConfiguration;
			buildSettings = {
				BUNDLE_LOADER = "$(BUILT_PRODUCTS_DIR)/WebViewTest.app/WebViewTest";
				FRAMEWORK_SEARCH_PATHS = (
					"$(SDKROOT)/Developer/Library/Frameworks",
					"$(DEVELOPER_LIBRARY_DIR)/Frameworks",
				);
				GCC_PRECOMPILE_PREFIX_HEADER = YES;
				GCC_PREFIX_HEADER = "WebViewTest/WebViewTest-Prefix.pch";
				INFOPLIST_FILE = "WebViewTestTests/WebViewTestTests-Info.plist";
				PRODUCT_NAME = "$(TARGET_NAME)";
				TEST_HOST = "$(BUNDLE_LOADER)";
				WRAPPER_EXTENSION = octest;
			};
			name = Debug;
		};
		656B79781509BF63008C3F77 /* Release */ = {
			isa = XCBuildConfiguration;
			buildSettings = {
				BUNDLE_LOADER = "$(BUILT_PRODUCTS_DIR)/WebViewTest.app/WebViewTest";
				FRAMEWORK_SEARCH_PATHS = (
					"$(SDKROOT)/Developer/Library/Frameworks",
					"$(DEVELOPER_LIBRARY_DIR)/Frameworks",
				);
				GCC_PRECOMPILE_PREFIX_HEADER = YES;
				GCC_PREFIX_HEADER = "WebViewTest/WebViewTest-Prefix.pch";
				INFOPLIST_FILE = "WebViewTestTests/WebViewTestTests-Info.plist";
				PRODUCT_NAME = "$(TARGET_NAME)";
				TEST_HOST = "$(BUNDLE_LOADER)";
				WRAPPER_EXTENSION = octest;
			};
			name = Release;
		};
/* End XCBuildConfiguration section */

/* Begin XCConfigurationList section */
		656B793A1509BF62008C3F77 /* Build configuration list for PBXProject "WebViewTest" */ = {
			isa = XCConfigurationList;
			buildConfigurations = (
				656B79711509BF63008C3F77 /* Debug */,
				656B79721509BF63008C3F77 /* Release */,
			);
			defaultConfigurationIsVisible = 0;
			defaultConfigurationName = Release;
		};
		656B79731509BF63008C3F77 /* Build configuration list for PBXNativeTarget "WebViewTest" */ = {
			isa = XCConfigurationList;
			buildConfigurations = (
				656B79741509BF63008C3F77 /* Debug */,
				656B79751509BF63008C3F77 /* Release */,
			);
			defaultConfigurationIsVisible = 0;
		};
		656B79761509BF63008C3F77 /* Build configuration list for PBXNativeTarget "WebViewTestTests" */ = {
			isa = XCConfigurationList;
			buildConfigurations = (
				656B79771509BF63008C3F77 /* Debug */,
				656B79781509BF63008C3F77 /* Release */,
			);
			defaultConfigurationIsVisible = 0;
		};
/* End XCConfigurationList section */
	};
	rootObject = 656B79371509BF62008C3F77 /* Project object */;
}
